
Microsoft Visual Studio Solution File, Format Version 12.00
# Visual Studio Version 16
VisualStudioVersion = 16.0.31605.320
MinimumVisualStudioVersion = 10.0.40219.1
Project("{FAE04EC0-301F-11D3-BF4B-00C04F79EFBC}") = "ConsoleApp2", "ConsoleApp2\ConsoleApp2.csproj", "{2CC4B830-D22B-42FF-AF74-08101C22F1F9}"
EndProject
Project("{FAE04EC0-301F-11D3-BF4B-00C04F79EFBC}") = "Class1", "Class1\Class1.csproj", "{CBFA8FF3-431D-40EF-80C5-D3119E2A1B60}"
EndProject
Global
	GlobalSection(SolutionConfigurationPlatforms) = preSolution
		Debug|Any CPU = Debug|Any CPU
		Release|Any CPU = Release|Any CPU
	EndGlobalSection
	GlobalSection(ProjectConfigurationPlatforms) = postSolution
		{2CC4B830-D22B-42FF-AF74-08101C22F1F9}.Debug|Any CPU.ActiveCfg = Debug|Any CPU
		{2CC4B830-D22B-42FF-AF74-08101C22F1F9}.Debug|Any CPU.Build.0 = Debug|Any CPU
		{2CC4B830-D22B-42FF-AF74-08101C22F1F9}.Release|Any CPU.ActiveCfg = Release|Any CPU
		{2CC4B830-D22B-42FF-AF74-08101C22F1F9}.Release|Any CPU.Build.0 = Release|Any CPU
		{CBFA8FF3-431D-40EF-80C5-D3119E2A1B60}.Debug|Any CPU.ActiveCfg = Debug|Any CPU
		{CBFA8FF3-431D-40EF-80C5-D3119E2A1B60}.Debug|Any CPU.Build.0 = Debug|Any CPU
		{CBFA8FF3-431D-40EF-80C5-D3119E2A1B60}.Release|Any CPU.ActiveCfg = Release|Any CPU
		{CBFA8FF3-431D-40EF-80C5-D3119E2A1B60}.Release|Any CPU.Build.0 = Release|Any CPU
	EndGlobalSection
	GlobalSection(SolutionProperties) = preSolution
		HideSolutionNode = FALSE
	EndGlobalSection
	GlobalSection(ExtensibilityGlobals) = postSolution
		SolutionGuid = {47FDC9FA-ED2A-42BC-AE76-A04FA859B562}
	EndGlobalSection
EndGlobal
